
Microsoft Visual Studio Solution File, Format Version 12.00
# Visual Studio Version 17
VisualStudioVersion = 17.5.33516.290
MinimumVisualStudioVersion = 10.0.40219.1
Project("{8BC9CEB8-8B4A-11D0-8D11-00A0C91BC942}") = "LibraryMG", "LibraryMG.vcxproj", "{C6A8C723-348B-4020-856B-A4227B5E0A91}"
EndProject
Project("{54435603-DBB4-11D2-8724-00A0C9A8B90C}") = "LibraryManagementSetup", "..\LibraryManagementSetup\LibraryManagementSetup.vdproj", "{7811BD15-8C11-4192-96EF-A37692A9B1A2}"
EndProject
Global
	GlobalSection(SolutionConfigurationPlatforms) = preSolution
		Debug|x64 = Debug|x64
		Debug|x86 = Debug|x86
		Release|x64 = Release|x64
		Release|x86 = Release|x86
	EndGlobalSection
	GlobalSection(ProjectConfigurationPlatforms) = postSolution
		{C6A8C723-348B-4020-856B-A4227B5E0A91}.Debug|x64.ActiveCfg = Debug|x64
		{C6A8C723-348B-4020-856B-A4227B5E0A91}.Debug|x64.Build.0 = Debug|x64
		{C6A8C723-348B-4020-856B-A4227B5E0A91}.Debug|x86.ActiveCfg = Debug|Win32
		{C6A8C723-348B-4020-856B-A4227B5E0A91}.Debug|x86.Build.0 = Debug|Win32
		{C6A8C723-348B-4020-856B-A4227B5E0A91}.Release|x64.ActiveCfg = Release|x64
		{C6A8C723-348B-4020-856B-A4227B5E0A91}.Release|x64.Build.0 = Release|x64
		{C6A8C723-348B-4020-856B-A4227B5E0A91}.Release|x86.ActiveCfg = Release|Win32
		{C6A8C723-348B-4020-856B-A4227B5E0A91}.Release|x86.Build.0 = Release|Win32
		{7811BD15-8C11-4192-96EF-A37692A9B1A2}.Debug|x64.ActiveCfg = Debug
		{7811BD15-8C11-4192-96EF-A37692A9B1A2}.Debug|x86.ActiveCfg = Debug
		{7811BD15-8C11-4192-96EF-A37692A9B1A2}.Release|x64.ActiveCfg = Release
		{7811BD15-8C11-4192-96EF-A37692A9B1A2}.Release|x86.ActiveCfg = Release
	EndGlobalSection
	GlobalSection(SolutionProperties) = preSolution
		HideSolutionNode = FALSE
	EndGlobalSection
	GlobalSection(ExtensibilityGlobals) = postSolution
		SolutionGuid = {C7E0F7F8-4C19-420C-B4F8-AC88B9E2D775}
	EndGlobalSection
EndGlobal
